
Microsoft Visual Studio Solution File, Format Version 12.00
# Visual Studio Version 17
VisualStudioVersion = 17.8.34330.188
MinimumVisualStudioVersion = 10.0.40219.1
Project("{9A19103F-16F7-4668-BE54-9A1E7A4F7556}") = "WebLabNew", "WebLabNew\WebLabNew.csproj", "{F66A9043-0F97-49BD-813D-1795080FAA80}"
EndProject
Global
	GlobalSection(SolutionConfigurationPlatforms) = preSolution
		Debug|Any CPU = Debug|Any CPU
		Release|Any CPU = Release|Any CPU
	EndGlobalSection
	GlobalSection(ProjectConfigurationPlatforms) = postSolution
		{F66A9043-0F97-49BD-813D-1795080FAA80}.Debug|Any CPU.ActiveCfg = Debug|Any CPU
		{F66A9043-0F97-49BD-813D-1795080FAA80}.Debug|Any CPU.Build.0 = Debug|Any CPU
		{F66A9043-0F97-49BD-813D-1795080FAA80}.Release|Any CPU.ActiveCfg = Release|Any CPU
		{F66A9043-0F97-49BD-813D-1795080FAA80}.Release|Any CPU.Build.0 = Release|Any CPU
	EndGlobalSection
	GlobalSection(SolutionProperties) = preSolution
		HideSolutionNode = FALSE
	EndGlobalSection
	GlobalSection(ExtensibilityGlobals) = postSolution
		SolutionGuid = {42280445-3032-4A2C-810F-1A4E675DE7F9}
	EndGlobalSection
EndGlobal
